
Microsoft Visual Studio Solution File, Format Version 12.00
# Visual Studio Version 16
VisualStudioVersion = 25.0.1704.0
MinimumVisualStudioVersion = 10.0.40219.1
Project("{FAE04EC0-301F-11D3-BF4B-00C04F79EFBC}") = "D1_CalorieCounting", "D1_CalorieCounting\D1_CalorieCounting.csproj", "{8EC6E7F7-653B-491F-A93C-01F8401E3592}"
EndProject
Project("{FAE04EC0-301F-11D3-BF4B-00C04F79EFBC}") = "D1_CalorieCounting.Tests", "D1_CalorieCounting.Tests\D1_CalorieCounting.Tests.csproj", "{4FBC3B3B-6FEF-46C8-848C-596338DD2458}"
EndProject
Project("{FAE04EC0-301F-11D3-BF4B-00C04F79EFBC}") = "D2_RockPaperScissors", "D2_RockPaperScissors\D2_RockPaperScissors.csproj", "{0C658A9A-C4EB-4619-B423-92E17829E8BF}"
EndProject
Project("{FAE04EC0-301F-11D3-BF4B-00C04F79EFBC}") = "D2_RockPaperScissors.Tests", "D2_RockPaperScissors.Tests\D2_RockPaperScissors.Tests.csproj", "{BB139F19-26C7-43A8-86DA-5F1BBF949743}"
EndProject
Project("{FAE04EC0-301F-11D3-BF4B-00C04F79EFBC}") = "D3_RucksackReorganization", "D3_RucksackReorganization\D3_RucksackReorganization.csproj", "{7D8F5D05-2EB3-45BB-8B5A-31A9755065F3}"
EndProject
Project("{FAE04EC0-301F-11D3-BF4B-00C04F79EFBC}") = "D4_CampCleanup", "D4_CampCleanup\D4_CampCleanup.csproj", "{38E7C82C-795D-49B3-940D-CD292DAD22CE}"
EndProject
Project("{FAE04EC0-301F-11D3-BF4B-00C04F79EFBC}") = "D5_SupplyStacks", "D5_SupplyStacks\D5_SupplyStacks.csproj", "{512A0CF6-C1F4-4768-B881-6DD80EB1549E}"
EndProject
Project("{FAE04EC0-301F-11D3-BF4B-00C04F79EFBC}") = "D6_TuningTrouble", "D6_TuningTrouble\D6_TuningTrouble.csproj", "{C324C961-6418-4127-B4F1-10A5110FEF9C}"
EndProject
Project("{FAE04EC0-301F-11D3-BF4B-00C04F79EFBC}") = "D7_NoSpaceLeftOnDevice", "D7_NoSpaceLeftOnDevice\D7_NoSpaceLeftOnDevice.csproj", "{AFA23971-1F11-426F-B418-08AB2E920F49}"
EndProject
Project("{FAE04EC0-301F-11D3-BF4B-00C04F79EFBC}") = "D8_TreetopTreeHouse", "D8_TreetopTreeHouse\D8_TreetopTreeHouse.csproj", "{97F0021C-F585-444E-A8E7-836C54D47F8F}"
EndProject
Project("{FAE04EC0-301F-11D3-BF4B-00C04F79EFBC}") = "D9_RopeBridge", "D9_RopeBridge\D9_RopeBridge.csproj", "{EDCE6678-2122-4D7B-B0F5-27880913D0FC}"
EndProject
Project("{FAE04EC0-301F-11D3-BF4B-00C04F79EFBC}") = "D10_CathodeRayTube", "D10_CathodeRayTube\D10_CathodeRayTube.csproj", "{C79E001D-51FD-40C4-A846-1BD9ABAFE754}"
EndProject
Project("{FAE04EC0-301F-11D3-BF4B-00C04F79EFBC}") = "D11_MonkeyInTheMiddle", "D11_MonkeyInTheMiddle\D11_MonkeyInTheMiddle.csproj", "{4810C54D-D5AA-4205-8234-BAAD2C286191}"
EndProject
Project("{FAE04EC0-301F-11D3-BF4B-00C04F79EFBC}") = "D12_HillClimbingAlgorithm", "D12_HillClimbingAlgorithm\D12_HillClimbingAlgorithm.csproj", "{A080E88E-087B-478C-B713-15352AEE0CFF}"
EndProject
Project("{FAE04EC0-301F-11D3-BF4B-00C04F79EFBC}") = "D13_DistressSignal", "D13_DistressSignal\D13_DistressSignal.csproj", "{FBBF7B64-A3D8-4F25-BB95-CA45B700955D}"
EndProject
Global
	GlobalSection(SolutionConfigurationPlatforms) = preSolution
		Debug|Any CPU = Debug|Any CPU
		Release|Any CPU = Release|Any CPU
	EndGlobalSection
	GlobalSection(ProjectConfigurationPlatforms) = postSolution
		{8EC6E7F7-653B-491F-A93C-01F8401E3592}.Debug|Any CPU.ActiveCfg = Debug|Any CPU
		{8EC6E7F7-653B-491F-A93C-01F8401E3592}.Debug|Any CPU.Build.0 = Debug|Any CPU
		{8EC6E7F7-653B-491F-A93C-01F8401E3592}.Release|Any CPU.ActiveCfg = Release|Any CPU
		{8EC6E7F7-653B-491F-A93C-01F8401E3592}.Release|Any CPU.Build.0 = Release|Any CPU
		{4FBC3B3B-6FEF-46C8-848C-596338DD2458}.Debug|Any CPU.ActiveCfg = Debug|Any CPU
		{4FBC3B3B-6FEF-46C8-848C-596338DD2458}.Debug|Any CPU.Build.0 = Debug|Any CPU
		{4FBC3B3B-6FEF-46C8-848C-596338DD2458}.Release|Any CPU.ActiveCfg = Release|Any CPU
		{4FBC3B3B-6FEF-46C8-848C-596338DD2458}.Release|Any CPU.Build.0 = Release|Any CPU
		{0C658A9A-C4EB-4619-B423-92E17829E8BF}.Debug|Any CPU.ActiveCfg = Debug|Any CPU
		{0C658A9A-C4EB-4619-B423-92E17829E8BF}.Debug|Any CPU.Build.0 = Debug|Any CPU
		{0C658A9A-C4EB-4619-B423-92E17829E8BF}.Release|Any CPU.ActiveCfg = Release|Any CPU
		{0C658A9A-C4EB-4619-B423-92E17829E8BF}.Release|Any CPU.Build.0 = Release|Any CPU
		{BB139F19-26C7-43A8-86DA-5F1BBF949743}.Debug|Any CPU.ActiveCfg = Debug|Any CPU
		{BB139F19-26C7-43A8-86DA-5F1BBF949743}.Debug|Any CPU.Build.0 = Debug|Any CPU
		{BB139F19-26C7-43A8-86DA-5F1BBF949743}.Release|Any CPU.ActiveCfg = Release|Any CPU
		{BB139F19-26C7-43A8-86DA-5F1BBF949743}.Release|Any CPU.Build.0 = Release|Any CPU
		{7D8F5D05-2EB3-45BB-8B5A-31A9755065F3}.Debug|Any CPU.ActiveCfg = Debug|Any CPU
		{7D8F5D05-2EB3-45BB-8B5A-31A9755065F3}.Debug|Any CPU.Build.0 = Debug|Any CPU
		{7D8F5D05-2EB3-45BB-8B5A-31A9755065F3}.Release|Any CPU.ActiveCfg = Release|Any CPU
		{7D8F5D05-2EB3-45BB-8B5A-31A9755065F3}.Release|Any CPU.Build.0 = Release|Any CPU
		{38E7C82C-795D-49B3-940D-CD292DAD22CE}.Debug|Any CPU.ActiveCfg = Debug|Any CPU
		{38E7C82C-795D-49B3-940D-CD292DAD22CE}.Debug|Any CPU.Build.0 = Debug|Any CPU
		{38E7C82C-795D-49B3-940D-CD292DAD22CE}.Release|Any CPU.ActiveCfg = Release|Any CPU
		{38E7C82C-795D-49B3-940D-CD292DAD22CE}.Release|Any CPU.Build.0 = Release|Any CPU
		{512A0CF6-C1F4-4768-B881-6DD80EB1549E}.Debug|Any CPU.ActiveCfg = Debug|Any CPU
		{512A0CF6-C1F4-4768-B881-6DD80EB1549E}.Debug|Any CPU.Build.0 = Debug|Any CPU
		{512A0CF6-C1F4-4768-B881-6DD80EB1549E}.Release|Any CPU.ActiveCfg = Release|Any CPU
		{512A0CF6-C1F4-4768-B881-6DD80EB1549E}.Release|Any CPU.Build.0 = Release|Any CPU
		{C324C961-6418-4127-B4F1-10A5110FEF9C}.Debug|Any CPU.ActiveCfg = Debug|Any CPU
		{C324C961-6418-4127-B4F1-10A5110FEF9C}.Debug|Any CPU.Build.0 = Debug|Any CPU
		{C324C961-6418-4127-B4F1-10A5110FEF9C}.Release|Any CPU.ActiveCfg = Release|Any CPU
		{C324C961-6418-4127-B4F1-10A5110FEF9C}.Release|Any CPU.Build.0 = Release|Any CPU
		{AFA23971-1F11-426F-B418-08AB2E920F49}.Debug|Any CPU.ActiveCfg = Debug|Any CPU
		{AFA23971-1F11-426F-B418-08AB2E920F49}.Debug|Any CPU.Build.0 = Debug|Any CPU
		{AFA23971-1F11-426F-B418-08AB2E920F49}.Release|Any CPU.ActiveCfg = Release|Any CPU
		{AFA23971-1F11-426F-B418-08AB2E920F49}.Release|Any CPU.Build.0 = Release|Any CPU
		{97F0021C-F585-444E-A8E7-836C54D47F8F}.Debug|Any CPU.ActiveCfg = Debug|Any CPU
		{97F0021C-F585-444E-A8E7-836C54D47F8F}.Debug|Any CPU.Build.0 = Debug|Any CPU
		{97F0021C-F585-444E-A8E7-836C54D47F8F}.Release|Any CPU.ActiveCfg = Release|Any CPU
		{97F0021C-F585-444E-A8E7-836C54D47F8F}.Release|Any CPU.Build.0 = Release|Any CPU
		{EDCE6678-2122-4D7B-B0F5-27880913D0FC}.Debug|Any CPU.ActiveCfg = Debug|Any CPU
		{EDCE6678-2122-4D7B-B0F5-27880913D0FC}.Debug|Any CPU.Build.0 = Debug|Any CPU
		{EDCE6678-2122-4D7B-B0F5-27880913D0FC}.Release|Any CPU.ActiveCfg = Release|Any CPU
		{EDCE6678-2122-4D7B-B0F5-27880913D0FC}.Release|Any CPU.Build.0 = Release|Any CPU
		{C79E001D-51FD-40C4-A846-1BD9ABAFE754}.Debug|Any CPU.ActiveCfg = Debug|Any CPU
		{C79E001D-51FD-40C4-A846-1BD9ABAFE754}.Debug|Any CPU.Build.0 = Debug|Any CPU
		{C79E001D-51FD-40C4-A846-1BD9ABAFE754}.Release|Any CPU.ActiveCfg = Release|Any CPU
		{C79E001D-51FD-40C4-A846-1BD9ABAFE754}.Release|Any CPU.Build.0 = Release|Any CPU
		{4810C54D-D5AA-4205-8234-BAAD2C286191}.Debug|Any CPU.ActiveCfg = Debug|Any CPU
		{4810C54D-D5AA-4205-8234-BAAD2C286191}.Debug|Any CPU.Build.0 = Debug|Any CPU
		{4810C54D-D5AA-4205-8234-BAAD2C286191}.Release|Any CPU.ActiveCfg = Release|Any CPU
		{4810C54D-D5AA-4205-8234-BAAD2C286191}.Release|Any CPU.Build.0 = Release|Any CPU
		{A080E88E-087B-478C-B713-15352AEE0CFF}.Debug|Any CPU.ActiveCfg = Debug|Any CPU
		{A080E88E-087B-478C-B713-15352AEE0CFF}.Debug|Any CPU.Build.0 = Debug|Any CPU
		{A080E88E-087B-478C-B713-15352AEE0CFF}.Release|Any CPU.ActiveCfg = Release|Any CPU
		{A080E88E-087B-478C-B713-15352AEE0CFF}.Release|Any CPU.Build.0 = Release|Any CPU
		{FBBF7B64-A3D8-4F25-BB95-CA45B700955D}.Debug|Any CPU.ActiveCfg = Debug|Any CPU
		{FBBF7B64-A3D8-4F25-BB95-CA45B700955D}.Debug|Any CPU.Build.0 = Debug|Any CPU
		{FBBF7B64-A3D8-4F25-BB95-CA45B700955D}.Release|Any CPU.ActiveCfg = Release|Any CPU
		{FBBF7B64-A3D8-4F25-BB95-CA45B700955D}.Release|Any CPU.Build.0 = Release|Any CPU
	EndGlobalSection
	GlobalSection(SolutionProperties) = preSolution
		HideSolutionNode = FALSE
	EndGlobalSection
	GlobalSection(ExtensibilityGlobals) = postSolution
		SolutionGuid = {2F4E9B0F-9415-459B-8E4B-E67E912F87EF}
	EndGlobalSection
EndGlobal
